# THIS IS AN AUTOGENERATED FILE. DO NOT EDIT THIS FILE DIRECTLY.
# yarn lockfile v1


"@hono/node-server@^1.14.2":
  version "1.19.14"
  resolved "https://registry.yarnpkg.com/@hono/node-server/-/node-server-1.19.14.tgz#e30f844bc77e3ce7be442aac3b1f73ad8b58d181"
  integrity sha512-GwtvgtXxnWsucXvbQXkRgqksiH2Qed37H9xHZocE5sA3N8O8O8/8FA3uclQXxXVzc9XBZuEOMK7+r02FmSpHtw==

hono@^4.7.10:
  version "4.12.18"
  resolved "https://registry.yarnpkg.com/hono/-/hono-4.12.18.tgz#f6d301938868c3a8bdb639495f4e326a19181505"
  integrity sha512-RWzP96k/yv0PQfyXnWjs6zot20TqfpfsNXhOnev8d1InAxubW93L11/oNUc3tQqn2G0bSdAOBpX+2uDFHV7kdQ==
